
Microsoft Visual Studio Solution File, Format Version 12.00
# Visual Studio Version 16
VisualStudioVersion = 16.0.29326.143
MinimumVisualStudioVersion = 10.0.40219.1
Project("{FAE04EC0-301F-11D3-BF4B-00C04F79EFBC}") = "WindowsFormsApp1", "WindowsFormsApp1\WindowsFormsApp1.csproj", "{15D82ADC-9EE7-4B65-8967-A655DA600664}"
EndProject
Global
	GlobalSection(SolutionConfigurationPlatforms) = preSolution
		Debug|Any CPU = Debug|Any CPU
		Release|Any CPU = Release|Any CPU
	EndGlobalSection
	GlobalSection(ProjectConfigurationPlatforms) = postSolution
		{15D82ADC-9EE7-4B65-8967-A655DA600664}.Debug|Any CPU.ActiveCfg = Debug|Any CPU
		{15D82ADC-9EE7-4B65-8967-A655DA600664}.Debug|Any CPU.Build.0 = Debug|Any CPU
		{15D82ADC-9EE7-4B65-8967-A655DA600664}.Release|Any CPU.ActiveCfg = Release|Any CPU
		{15D82ADC-9EE7-4B65-8967-A655DA600664}.Release|Any CPU.Build.0 = Release|Any CPU
	EndGlobalSection
	GlobalSection(SolutionProperties) = preSolution
		HideSolutionNode = FALSE
	EndGlobalSection
	GlobalSection(ExtensibilityGlobals) = postSolution
		SolutionGuid = {CDDC661D-4665-42B4-A612-028C05D6B171}
	EndGlobalSection
EndGlobal
